
Microsoft Visual Studio Solution File, Format Version 12.00
# Visual Studio 15
VisualStudioVersion = 15.0.27428.2043
MinimumVisualStudioVersion = 10.0.40219.1
Project("{FAE04EC0-301F-11D3-BF4B-00C04F79EFBC}") = "MovieMiderm", "MovieMiderm\MovieMiderm.csproj", "{DC2526A5-04A1-4892-8B16-D93EC5F411B5}"
EndProject
Global
	GlobalSection(SolutionConfigurationPlatforms) = preSolution
		Debug|Any CPU = Debug|Any CPU
		Release|Any CPU = Release|Any CPU
	EndGlobalSection
	GlobalSection(ProjectConfigurationPlatforms) = postSolution
		{DC2526A5-04A1-4892-8B16-D93EC5F411B5}.Debug|Any CPU.ActiveCfg = Debug|Any CPU
		{DC2526A5-04A1-4892-8B16-D93EC5F411B5}.Debug|Any CPU.Build.0 = Debug|Any CPU
		{DC2526A5-04A1-4892-8B16-D93EC5F411B5}.Release|Any CPU.ActiveCfg = Release|Any CPU
		{DC2526A5-04A1-4892-8B16-D93EC5F411B5}.Release|Any CPU.Build.0 = Release|Any CPU
	EndGlobalSection
	GlobalSection(SolutionProperties) = preSolution
		HideSolutionNode = FALSE
	EndGlobalSection
	GlobalSection(ExtensibilityGlobals) = postSolution
		SolutionGuid = {1475EFEA-781D-407F-9768-8593B450CDFB}
	EndGlobalSection
EndGlobal
